
Microsoft Visual Studio Solution File, Format Version 12.00
# Visual Studio Version 16
VisualStudioVersion = 16.0.33027.164
MinimumVisualStudioVersion = 10.0.40219.1
Project("{8BC9CEB8-8B4A-11D0-8D11-00A0C91BC942}") = "PointCircle", "PointCircle\PointCircle.vcxproj", "{CBD275A2-7962-4067-81F1-2DBC4016B6BC}"
EndProject
Global
	GlobalSection(SolutionConfigurationPlatforms) = preSolution
		Debug|x64 = Debug|x64
		Debug|x86 = Debug|x86
		Release|x64 = Release|x64
		Release|x86 = Release|x86
	EndGlobalSection
	GlobalSection(ProjectConfigurationPlatforms) = postSolution
		{CBD275A2-7962-4067-81F1-2DBC4016B6BC}.Debug|x64.ActiveCfg = Debug|x64
		{CBD275A2-7962-4067-81F1-2DBC4016B6BC}.Debug|x64.Build.0 = Debug|x64
		{CBD275A2-7962-4067-81F1-2DBC4016B6BC}.Debug|x86.ActiveCfg = Debug|x64
		{CBD275A2-7962-4067-81F1-2DBC4016B6BC}.Debug|x86.Build.0 = Debug|x64
		{CBD275A2-7962-4067-81F1-2DBC4016B6BC}.Release|x64.ActiveCfg = Release|x64
		{CBD275A2-7962-4067-81F1-2DBC4016B6BC}.Release|x64.Build.0 = Release|x64
		{CBD275A2-7962-4067-81F1-2DBC4016B6BC}.Release|x86.ActiveCfg = Release|Win32
		{CBD275A2-7962-4067-81F1-2DBC4016B6BC}.Release|x86.Build.0 = Release|Win32
	EndGlobalSection
	GlobalSection(SolutionProperties) = preSolution
		HideSolutionNode = FALSE
	EndGlobalSection
	GlobalSection(ExtensibilityGlobals) = postSolution
		SolutionGuid = {A8725D07-E16C-4AAC-B964-82A59539D236}
	EndGlobalSection
EndGlobal
